
Microsoft Visual Studio Solution File, Format Version 12.00
# Visual Studio Version 17
VisualStudioVersion = 17.0.31717.71
MinimumVisualStudioVersion = 10.0.40219.1
Project("{9A19103F-16F7-4668-BE54-9A1E7A4F7556}") = "CustomRuntimeListBucketsNET7", "CustomRuntimeListBucketsNET7.csproj", "{48DC0E9B-13C0-49B6-8219-1E5FFBD68690}"
EndProject
Global
	GlobalSection(SolutionConfigurationPlatforms) = preSolution
		Debug|Any CPU = Debug|Any CPU
		Release|Any CPU = Release|Any CPU
	EndGlobalSection
	GlobalSection(ProjectConfigurationPlatforms) = postSolution
		{48DC0E9B-13C0-49B6-8219-1E5FFBD68690}.Debug|Any CPU.ActiveCfg = Debug|Any CPU
		{48DC0E9B-13C0-49B6-8219-1E5FFBD68690}.Debug|Any CPU.Build.0 = Debug|Any CPU
		{48DC0E9B-13C0-49B6-8219-1E5FFBD68690}.Release|Any CPU.ActiveCfg = Release|Any CPU
		{48DC0E9B-13C0-49B6-8219-1E5FFBD68690}.Release|Any CPU.Build.0 = Release|Any CPU
	EndGlobalSection
	GlobalSection(SolutionProperties) = preSolution
		HideSolutionNode = FALSE
	EndGlobalSection
	GlobalSection(ExtensibilityGlobals) = postSolution
		SolutionGuid = {C46F3A0E-DCE0-4F12-BB44-99884D20A8B5}
	EndGlobalSection
EndGlobal
